
Microsoft Visual Studio Solution File, Format Version 12.00
# Visual Studio Version 17
VisualStudioVersion = 17.4.33122.133
MinimumVisualStudioVersion = 10.0.40219.1
Project("{FAE04EC0-301F-11D3-BF4B-00C04F79EFBC}") = "encryption", "encryption\encryption.csproj", "{337ABB4A-6A57-4B26-AE09-999F080F91A3}"
EndProject
Global
	GlobalSection(SolutionConfigurationPlatforms) = preSolution
		Debug|Any CPU = Debug|Any CPU
		Release|Any CPU = Release|Any CPU
	EndGlobalSection
	GlobalSection(ProjectConfigurationPlatforms) = postSolution
		{337ABB4A-6A57-4B26-AE09-999F080F91A3}.Debug|Any CPU.ActiveCfg = Debug|Any CPU
		{337ABB4A-6A57-4B26-AE09-999F080F91A3}.Debug|Any CPU.Build.0 = Debug|Any CPU
		{337ABB4A-6A57-4B26-AE09-999F080F91A3}.Release|Any CPU.ActiveCfg = Release|Any CPU
		{337ABB4A-6A57-4B26-AE09-999F080F91A3}.Release|Any CPU.Build.0 = Release|Any CPU
	EndGlobalSection
	GlobalSection(SolutionProperties) = preSolution
		HideSolutionNode = FALSE
	EndGlobalSection
	GlobalSection(ExtensibilityGlobals) = postSolution
		SolutionGuid = {1F8B6390-49C8-4C71-A10F-133D17DC982E}
	EndGlobalSection
EndGlobal
